
Microsoft Visual Studio Solution File, Format Version 12.00
# Visual Studio Version 17
VisualStudioVersion = 17.7.34031.279
MinimumVisualStudioVersion = 10.0.40219.1
Project("{FAE04EC0-301F-11D3-BF4B-00C04F79EFBC}") = "Shopping.Client", "Shopping.Client\Shopping.Client.csproj", "{30839180-A5BF-4562-AB95-E0B5E0FACDCE}"
EndProject
Global
	GlobalSection(SolutionConfigurationPlatforms) = preSolution
		Debug|Any CPU = Debug|Any CPU
		Release|Any CPU = Release|Any CPU
	EndGlobalSection
	GlobalSection(ProjectConfigurationPlatforms) = postSolution
		{30839180-A5BF-4562-AB95-E0B5E0FACDCE}.Debug|Any CPU.ActiveCfg = Debug|Any CPU
		{30839180-A5BF-4562-AB95-E0B5E0FACDCE}.Debug|Any CPU.Build.0 = Debug|Any CPU
		{30839180-A5BF-4562-AB95-E0B5E0FACDCE}.Release|Any CPU.ActiveCfg = Release|Any CPU
		{30839180-A5BF-4562-AB95-E0B5E0FACDCE}.Release|Any CPU.Build.0 = Release|Any CPU
	EndGlobalSection
	GlobalSection(SolutionProperties) = preSolution
		HideSolutionNode = FALSE
	EndGlobalSection
	GlobalSection(ExtensibilityGlobals) = postSolution
		SolutionGuid = {BC98F6EE-A74B-429D-9A3F-D75FB7F1D8D1}
	EndGlobalSection
EndGlobal
